
Microsoft Visual Studio Solution File, Format Version 12.00
# Visual Studio Version 17
VisualStudioVersion = 17.11.35327.3
MinimumVisualStudioVersion = 10.0.40219.1
Project("{FAE04EC0-301F-11D3-BF4B-00C04F79EFBC}") = "ChatBackend", "ChatBackend.csproj", "{819FA0A5-825D-4BAB-BBD7-29749E70BA31}"
EndProject
Global
	GlobalSection(SolutionConfigurationPlatforms) = preSolution
		Debug|Any CPU = Debug|Any CPU
		Release|Any CPU = Release|Any CPU
	EndGlobalSection
	GlobalSection(ProjectConfigurationPlatforms) = postSolution
		{819FA0A5-825D-4BAB-BBD7-29749E70BA31}.Debug|Any CPU.ActiveCfg = Debug|Any CPU
		{819FA0A5-825D-4BAB-BBD7-29749E70BA31}.Debug|Any CPU.Build.0 = Debug|Any CPU
		{819FA0A5-825D-4BAB-BBD7-29749E70BA31}.Release|Any CPU.ActiveCfg = Release|Any CPU
		{819FA0A5-825D-4BAB-BBD7-29749E70BA31}.Release|Any CPU.Build.0 = Release|Any CPU
	EndGlobalSection
	GlobalSection(SolutionProperties) = preSolution
		HideSolutionNode = FALSE
	EndGlobalSection
	GlobalSection(ExtensibilityGlobals) = postSolution
		SolutionGuid = {A2131878-29C8-40E7-8C52-7467E488B19A}
	EndGlobalSection
EndGlobal
